# THIS IS AN AUTOGENERATED FILE. DO NOT EDIT THIS FILE DIRECTLY.
# yarn lockfile v1


"@babel/code-frame@^7.12.13":
  version "7.12.13"
  resolved "https://registry.nlark.com/@babel/code-frame/download/@babel/code-frame-7.12.13.tgz#dcfc826beef65e75c50e21d3837d7d95798dd658"
  integrity sha1-3PyCa+72XnXFDiHTg319lXmN1lg=
  dependencies:
    "@babel/highlight" "^7.12.13"

"@babel/compat-data@^7.13.15":
  version "7.14.0"
  resolved "https://registry.nlark.com/@babel/compat-data/download/@babel/compat-data-7.14.0.tgz?cache=0&other_urls=https%3A%2F%2Fregistry.nlark.com%2F%40babel%2Fcompat-data%2Fdownload%2F%40babel%2Fcompat-data-7.14.0.tgz#a901128bce2ad02565df95e6ecbf195cf9465919"
  integrity sha1-qQESi84q0CVl35Xm7L8ZXPlGWRk=

"@babel/core@^7.12.13":
  version "7.14.2"
  resolved "https://registry.nlark.com/@babel/core/download/@babel/core-7.14.2.tgz#54e45334ffc0172048e5c93ded36461d3ad4c417"
  integrity sha1-VORTNP/AFyBI5ck97TZGHTrUxBc=
  dependencies:
    "@babel/code-frame" "^7.12.13"
    "@babel/generator" "^7.14.2"
    "@babel/helper-compilation-targets" "^7.13.16"
    "@babel/helper-module-transforms" "^7.14.2"
    "@babel/helpers" "^7.14.0"
    "@babel/parser" "^7.14.2"
    "@babel/template" "^7.12.13"
    "@babel/traverse" "^7.14.2"
    "@babel/types" "^7.14.2"
    convert-source-map "^1.7.0"
    debug "^4.1.0"
    gensync "^1.0.0-beta.2"
    json5 "^2.1.2"
    semver "^6.3.0"
    source-map "^0.5.0"

"@babel/generator@^7.14.2":
  version "7.14.2"
  resolved "https://registry.nlark.com/@babel/generator/download/@babel/generator-7.14.2.tgz?cache=0&sync_timestamp=1620839974232&other_urls=https%3A%2F%2Fregistry.nlark.com%2F%40babel%2Fgenerator%2Fdownload%2F%40babel%2Fgenerator-7.14.2.tgz#d5773e8b557d421fd6ce0d5efa5fd7fc22567c30"
  integrity sha1-1Xc+i1V9Qh/Wzg1e+l/X/CJWfDA=
  dependencies:
    "@babel/types" "^7.14.2"
    jsesc "^2.5.1"
    source-map "^0.5.0"

"@babel/helper-compilation-targets@^7.13.16":
  version "7.13.16"
  resolved "https://registry.nlark.com/@babel/helper-compilation-targets/download/@babel/helper-compilation-targets-7.13.16.tgz?cache=0&sync_timestamp=1618918364728&other_urls=https%3A%2F%2Fregistry.nlark.com%2F%40babel%2Fhelper-compilation-targets%2Fdownload%2F%40babel%2Fhelper-compilation-targets-7.13.16.tgz#6e91dccf15e3f43e5556dffe32d860109887563c"
  integrity sha1-bpHczxXj9D5VVt/+MthgEJiHVjw=
  dependencies:
    "@babel/compat-data" "^7.13.15"
    "@babel/helper-validator-option" "^7.12.17"
    browserslist "^4.14.5"
    semver "^6.3.0"

"@babel/helper-function-name@^7.14.2":
  version "7.14.2"
  resolved "https://registry.nlark.com/@babel/helper-function-name/download/@babel/helper-function-name-7.14.2.tgz?cache=0&other_urls=https%3A%2F%2Fregistry.nlark.com%2F%40babel%2Fhelper-function-name%2Fdownload%2F%40babel%2Fhelper-function-name-7.14.2.tgz#397688b590760b6ef7725b5f0860c82427ebaac2"
  integrity sha1-OXaItZB2C273cltfCGDIJCfrqsI=
  dependencies:
    "@babel/helper-get-function-arity" "^7.12.13"
    "@babel/template" "^7.12.13"
    "@babel/types" "^7.14.2"

"@babel/helper-get-function-arity@^7.12.13":
  version "7.12.13"
  resolved "https://registry.npm.taobao.org/@babel/helper-get-function-arity/download/@babel/helper-get-function-arity-7.12.13.tgz?cache=0&sync_timestamp=1612314686467&other_urls=https%3A%2F%2Fregistry.npm.taobao.org%2F%40babel%2Fhelper-get-function-arity%2Fdownload%2F%40babel%2Fhelper-get-function-arity-7.12.13.tgz#bc63451d403a3b3082b97e1d8b3fe5bd4091e583"
  integrity sha1-vGNFHUA6OzCCuX4diz/lvUCR5YM=
  dependencies:
    "@babel/types" "^7.12.13"

"@babel/helper-member-expression-to-functions@^7.13.12":
  version "7.13.12"
  resolved "https://registry.npm.taobao.org/@babel/helper-member-expression-to-functions/download/@babel/helper-member-expression-to-functions-7.13.12.tgz#dfe368f26d426a07299d8d6513821768216e6d72"
  integrity sha1-3+No8m1CagcpnY1lE4IXaCFubXI=
  dependencies:
    "@babel/types" "^7.13.12"

"@babel/helper-module-imports@^7.13.12":
  version "7.13.12"
  resolved "https://registry.nlark.com/@babel/helper-module-imports/download/@babel/helper-module-imports-7.13.12.tgz?cache=0&sync_timestamp=1618847040895&other_urls=https%3A%2F%2Fregistry.nlark.com%2F%40babel%2Fhelper-module-imports%2Fdownload%2F%40babel%2Fhelper-module-imports-7.13.12.tgz#c6a369a6f3621cb25da014078684da9196b61977"
  integrity sha1-xqNppvNiHLJdoBQHhoTakZa2GXc=
  dependencies:
    "@babel/types" "^7.13.12"

"@babel/helper-module-transforms@^7.14.2":
  version "7.14.2"
  resolved "https://registry.nlark.com/@babel/helper-module-transforms/download/@babel/helper-module-transforms-7.14.2.tgz?cache=0&other_urls=https%3A%2F%2Fregistry.nlark.com%2F%40babel%2Fhelper-module-transforms%2Fdownload%2F%40babel%2Fhelper-module-transforms-7.14.2.tgz#ac1cc30ee47b945e3e0c4db12fa0c5389509dfe5"
  integrity sha1-rBzDDuR7lF4+DE2xL6DFOJUJ3+U=
  dependencies:
    "@babel/helper-module-imports" "^7.13.12"
    "@babel/helper-replace-supers" "^7.13.12"
    "@babel/helper-simple-access" "^7.13.12"
    "@babel/helper-split-export-declaration" "^7.12.13"
    "@babel/helper-validator-identifier" "^7.14.0"
    "@babel/template" "^7.12.13"
    "@babel/traverse" "^7.14.2"
    "@babel/types" "^7.14.2"

"@babel/helper-optimise-call-expression@^7.12.13":
  version "7.12.13"
  resolved "https://registry.nlark.com/@babel/helper-optimise-call-expression/download/@babel/helper-optimise-call-expression-7.12.13.tgz#5c02d171b4c8615b1e7163f888c1c81c30a2aaea"
  integrity sha1-XALRcbTIYVsecWP4iMHIHDCiquo=
  dependencies:
    "@babel/types" "^7.12.13"

"@babel/helper-plugin-utils@^7.12.13", "@babel/helper-plugin-utils@^7.13.0":
  version "7.13.0"
  resolved "https://registry.nlark.com/@babel/helper-plugin-utils/download/@babel/helper-plugin-utils-7.13.0.tgz#806526ce125aed03373bc416a828321e3a6a33af"
  integrity sha1-gGUmzhJa7QM3O8QWqCgyHjpqM68=

"@babel/helper-replace-supers@^7.13.12":
  version "7.13.12"
  resolved "https://registry.nlark.com/@babel/helper-replace-supers/download/@babel/helper-replace-supers-7.13.12.tgz#6442f4c1ad912502481a564a7386de0c77ff3804"
  integrity sha1-ZEL0wa2RJQJIGlZKc4beDHf/OAQ=
  dependencies:
    "@babel/helper-member-expression-to-functions" "^7.13.12"
    "@babel/helper-optimise-call-expression" "^7.12.13"
    "@babel/traverse" "^7.13.0"
    "@babel/types" "^7.13.12"

"@babel/helper-simple-access@^7.13.12":
  version "7.13.12"
  resolved "https://registry.nlark.com/@babel/helper-simple-access/download/@babel/helper-simple-access-7.13.12.tgz#dd6c538afb61819d205a012c31792a39c7a5eaf6"
  integrity sha1-3WxTivthgZ0gWgEsMXkqOcel6vY=
  dependencies:
    "@babel/types" "^7.13.12"

"@babel/helper-split-export-declaration@^7.12.13":
  version "7.12.13"
  resolved "https://registry.npm.taobao.org/@babel/helper-split-export-declaration/download/@babel/helper-split-export-declaration-7.12.13.tgz#e9430be00baf3e88b0e13e6f9d4eaf2136372b05"
  integrity sha1-6UML4AuvPoiw4T5vnU6vITY3KwU=
  dependencies:
    "@babel/types" "^7.12.13"

"@babel/helper-validator-identifier@^7.14.0":
  version "7.14.0"
  resolved "https://registry.nlark.com/@babel/helper-validator-identifier/download/@babel/helper-validator-identifier-7.14.0.tgz?cache=0&sync_timestamp=1619727556616&other_urls=https%3A%2F%2Fregistry.nlark.com%2F%40babel%2Fhelper-validator-identifier%2Fdownload%2F%40babel%2Fhelper-validator-identifier-7.14.0.tgz#d26cad8a47c65286b15df1547319a5d0bcf27288"
  integrity sha1-0mytikfGUoaxXfFUcxml0Lzycog=

"@babel/helper-validator-option@^7.12.17":
  version "7.12.17"
  resolved "https://registry.nlark.com/@babel/helper-validator-option/download/@babel/helper-validator-option-7.12.17.tgz#d1fbf012e1a79b7eebbfdc6d270baaf8d9eb9831"
  integrity sha1-0fvwEuGnm37rv9xtJwuq+NnrmDE=

"@babel/helpers@^7.14.0":
  version "7.14.0"
  resolved "https://registry.nlark.com/@babel/helpers/download/@babel/helpers-7.14.0.tgz?cache=0&sync_timestamp=1619727503327&other_urls=https%3A%2F%2Fregistry.nlark.com%2F%40babel%2Fhelpers%2Fdownload%2F%40babel%2Fhelpers-7.14.0.tgz#ea9b6be9478a13d6f961dbb5f36bf75e2f3b8f62"
  integrity sha1-6ptr6UeKE9b5Ydu182v3Xi87j2I=
  dependencies:
    "@babel/template" "^7.12.13"
    "@babel/traverse" "^7.14.0"
    "@babel/types" "^7.14.0"

"@babel/highlight@^7.12.13":
  version "7.14.0"
  resolved "https://registry.nlark.com/@babel/highlight/download/@babel/highlight-7.14.0.tgz?cache=0&other_urls=https%3A%2F%2Fregistry.nlark.com%2F%40babel%2Fhighlight%2Fdownload%2F%40babel%2Fhighlight-7.14.0.tgz#3197e375711ef6bf834e67d0daec88e4f46113cf"
  integrity sha1-MZfjdXEe9r+DTmfQ2uyI5PRhE88=
  dependencies:
    "@babel/helper-validator-identifier" "^7.14.0"
    chalk "^2.0.0"
    js-tokens "^4.0.0"

"@babel/parser@^7.12.13", "@babel/parser@^7.14.2":
  version "7.14.2"
  resolved "https://registry.nlark.com/@babel/parser/download/@babel/parser-7.14.2.tgz?cache=0&other_urls=https%3A%2F%2Fregistry.nlark.com%2F%40babel%2Fparser%2Fdownload%2F%40babel%2Fparser-7.14.2.tgz#0c1680aa44ad4605b16cbdcc5c341a61bde9c746"
  integrity sha1-DBaAqkStRgWxbL3MXDQaYb3px0Y=

"@babel/plugin-transform-react-jsx-self@^7.12.13":
  version "7.12.13"
  resolved "https://registry.npm.taobao.org/@babel/plugin-transform-react-jsx-self/download/@babel/plugin-transform-react-jsx-self-7.12.13.tgz#422d99d122d592acab9c35ea22a6cfd9bf189f60"
  integrity sha1-Qi2Z0SLVkqyrnDXqIqbP2b8Yn2A=
  dependencies:
    "@babel/helper-plugin-utils" "^7.12.13"

"@babel/plugin-transform-react-jsx-source@^7.12.13":
  version "7.14.2"
  resolved "https://registry.nlark.com/@babel/plugin-transform-react-jsx-source/download/@babel/plugin-transform-react-jsx-source-7.14.2.tgz#2620b57e7de775c0687f65d464026d15812941da"
  integrity sha1-JiC1fn3ndcBof2XUZAJtFYEpQdo=
  dependencies:
    "@babel/helper-plugin-utils" "^7.13.0"

"@babel/runtime@^7.10.2", "@babel/runtime@^7.3.1", "@babel/runtime@^7.5.5", "@babel/runtime@^7.8.3", "@babel/runtime@^7.8.7":
  version "7.14.0"
  resolved "https://registry.nlark.com/@babel/runtime/download/@babel/runtime-7.14.0.tgz?cache=0&sync_timestamp=1619727501090&other_urls=https%3A%2F%2Fregistry.nlark.com%2F%40babel%2Fruntime%2Fdownload%2F%40babel%2Fruntime-7.14.0.tgz#46794bc20b612c5f75e62dd071e24dfd95f1cbe6"
  integrity sha1-RnlLwgthLF915i3QceJN/ZXxy+Y=
  dependencies:
    regenerator-runtime "^0.13.4"

"@babel/template@^7.12.13":
  version "7.12.13"
  resolved "https://registry.nlark.com/@babel/template/download/@babel/template-7.12.13.tgz#530265be8a2589dbb37523844c5bcb55947fb327"
  integrity sha1-UwJlvooliduzdSOETFvLVZR/syc=
  dependencies:
    "@babel/code-frame" "^7.12.13"
    "@babel/parser" "^7.12.13"
    "@babel/types" "^7.12.13"

"@babel/traverse@^7.13.0", "@babel/traverse@^7.14.0", "@babel/traverse@^7.14.2":
  version "7.14.2"
  resolved "https://registry.nlark.com/@babel/traverse/download/@babel/traverse-7.14.2.tgz?cache=0&other_urls=https%3A%2F%2Fregistry.nlark.com%2F%40babel%2Ftraverse%2Fdownload%2F%40babel%2Ftraverse-7.14.2.tgz#9201a8d912723a831c2679c7ebbf2fe1416d765b"
  integrity sha1-kgGo2RJyOoMcJnnH678v4UFtdls=
  dependencies:
    "@babel/code-frame" "^7.12.13"
    "@babel/generator" "^7.14.2"
    "@babel/helper-function-name" "^7.14.2"
    "@babel/helper-split-export-declaration" "^7.12.13"
    "@babel/parser" "^7.14.2"
    "@babel/types" "^7.14.2"
    debug "^4.1.0"
    globals "^11.1.0"

"@babel/types@^7.12.13", "@babel/types@^7.13.12", "@babel/types@^7.14.0", "@babel/types@^7.14.2":
  version "7.14.2"
  resolved "https://registry.nlark.com/@babel/types/download/@babel/types-7.14.2.tgz?cache=0&sync_timestamp=1620839476067&other_urls=https%3A%2F%2Fregistry.nlark.com%2F%40babel%2Ftypes%2Fdownload%2F%40babel%2Ftypes-7.14.2.tgz#4208ae003107ef8a057ea8333e56eb64d2f6a2c3"
  integrity sha1-QgiuADEH74oFfqgzPlbrZNL2osM=
  dependencies:
    "@babel/helper-validator-identifier" "^7.14.0"
    to-fast-properties "^2.0.0"

"@emotion/is-prop-valid@^0.7.3":
  version "0.7.3"
  resolved "https://registry.npm.taobao.org/@emotion/is-prop-valid/download/@emotion/is-prop-valid-0.7.3.tgz?cache=0&sync_timestamp=1612610983826&other_urls=https%3A%2F%2Fregistry.npm.taobao.org%2F%40emotion%2Fis-prop-valid%2Fdownload%2F%40emotion%2Fis-prop-valid-0.7.3.tgz#a6bf4fa5387cbba59d44e698a4680f481a8da6cc"
  integrity sha1-pr9PpTh8u6WdROaYpGgPSBqNpsw=
  dependencies:
    "@emotion/memoize" "0.7.1"

"@emotion/memoize@0.7.1":
  version "0.7.1"
  resolved "https://registry.npm.taobao.org/@emotion/memoize/download/@emotion/memoize-0.7.1.tgz?cache=0&sync_timestamp=1607211718513&other_urls=https%3A%2F%2Fregistry.npm.taobao.org%2F%40emotion%2Fmemoize%2Fdownload%2F%40emotion%2Fmemoize-0.7.1.tgz#e93c13942592cf5ef01aa8297444dc192beee52f"
  integrity sha1-6TwTlCWSz17wGqgpdETcGSvu5S8=

"@mantine/core@^1.0.6":
  version "1.0.6"
  resolved "https://registry.nlark.com/@mantine/core/download/@mantine/core-1.0.6.tgz#41e8ae7f57aa840486d8426e73d6fe494befc6b4"
  integrity sha1-Qeiuf1eqhASG2EJuc9b+SUvvxrQ=
  dependencies:
    clsx "^1.1.1"
    react-textarea-autosize "^8.3.0"
    react-transition-group "^4.4.1"

"@mantine/hooks@^1.0.6":
  version "1.0.6"
  resolved "https://registry.nlark.com/@mantine/hooks/download/@mantine/hooks-1.0.6.tgz#8ce6fe52202b08850e1f31fd0d33a36dc9fb746e"
  integrity sha1-jOb+UiArCIUOHzH9DTOjbcn7dG4=

"@types/prop-types@*":
  version "15.7.3"
  resolved "https://registry.npm.taobao.org/@types/prop-types/download/@types/prop-types-15.7.3.tgz?cache=0&sync_timestamp=1613380285346&other_urls=https%3A%2F%2Fregistry.npm.taobao.org%2F%40types%2Fprop-types%2Fdownload%2F%40types%2Fprop-types-15.7.3.tgz#2ab0d5da2e5815f94b0b9d4b95d1e5f243ab2ca7"
  integrity sha1-KrDV2i5YFflLC51LldHl8kOrLKc=

"@types/react-dom@^17.0.0":
  version "17.0.5"
  resolved "https://registry.nlark.com/@types/react-dom/download/@types/react-dom-17.0.5.tgz?cache=0&sync_timestamp=1620891185701&other_urls=https%3A%2F%2Fregistry.nlark.com%2F%40types%2Freact-dom%2Fdownload%2F%40types%2Freact-dom-17.0.5.tgz#df44eed5b8d9e0b13bb0cd38e0ea6572a1231227"
  integrity sha1-30Tu1bjZ4LE7sM044OplcqEjEic=
  dependencies:
    "@types/react" "*"

"@types/react@*", "@types/react@^17.0.0":
  version "17.0.5"
  resolved "https://registry.nlark.com/@types/react/download/@types/react-17.0.5.tgz?cache=0&sync_timestamp=1620163056534&other_urls=https%3A%2F%2Fregistry.nlark.com%2F%40types%2Freact%2Fdownload%2F%40types%2Freact-17.0.5.tgz#3d887570c4489011f75a3fc8f965bf87d09a1bea"
  integrity sha1-PYh1cMRIkBH3Wj/I+WW/h9CaG+o=
  dependencies:
    "@types/prop-types" "*"
    "@types/scheduler" "*"
    csstype "^3.0.2"

"@types/scheduler@*":
  version "0.16.1"
  resolved "https://registry.npm.taobao.org/@types/scheduler/download/@types/scheduler-0.16.1.tgz#18845205e86ff0038517aab7a18a62a6b9f71275"
  integrity sha1-GIRSBehv8AOFF6q3oYpiprn3EnU=

"@vitejs/plugin-react-refresh@^1.3.1":
  version "1.3.3"
  resolved "https://registry.nlark.com/@vitejs/plugin-react-refresh/download/@vitejs/plugin-react-refresh-1.3.3.tgz#d5afb3e0463f368a8afadfdd7305fe5c5fe78a6a"
  integrity sha1-1a+z4EY/NoqK+t/dcwX+XF/nimo=
  dependencies:
    "@babel/core" "^7.12.13"
    "@babel/plugin-transform-react-jsx-self" "^7.12.13"
    "@babel/plugin-transform-react-jsx-source" "^7.12.13"
    react-refresh "^0.9.0"

ansi-styles@^3.2.1:
  version "3.2.1"
  resolved "https://registry.nlark.com/ansi-styles/download/ansi-styles-3.2.1.tgz?cache=0&sync_timestamp=1618995588464&other_urls=https%3A%2F%2Fregistry.nlark.com%2Fansi-styles%2Fdownload%2Fansi-styles-3.2.1.tgz#41fbb20243e50b12be0f04b8dedbf07520ce841d"
  integrity sha1-QfuyAkPlCxK+DwS43tvwdSDOhB0=
  dependencies:
    color-convert "^1.9.0"

browserslist@^4.14.5:
  version "4.16.6"
  resolved "https://registry.nlark.com/browserslist/download/browserslist-4.16.6.tgz?cache=0&sync_timestamp=1619789072079&other_urls=https%3A%2F%2Fregistry.nlark.com%2Fbrowserslist%2Fdownload%2Fbrowserslist-4.16.6.tgz#d7901277a5a88e554ed305b183ec9b0c08f66fa2"
  integrity sha1-15ASd6WojlVO0wWxg+ybDAj2b6I=
  dependencies:
    caniuse-lite "^1.0.30001219"
    colorette "^1.2.2"
    electron-to-chromium "^1.3.723"
    escalade "^3.1.1"
    node-releases "^1.1.71"

caniuse-lite@^1.0.30001219:
  version "1.0.30001228"
  resolved "https://registry.nlark.com/caniuse-lite/download/caniuse-lite-1.0.30001228.tgz#bfdc5942cd3326fa51ee0b42fbef4da9d492a7fa"
  integrity sha1-v9xZQs0zJvpR7gtC++9NqdSSp/o=

chalk@^2.0.0:
  version "2.4.2"
  resolved "https://registry.nlark.com/chalk/download/chalk-2.4.2.tgz#cd42541677a54333cf541a49108c1432b44c9424"
  integrity sha1-zUJUFnelQzPPVBpJEIwUMrRMlCQ=
  dependencies:
    ansi-styles "^3.2.1"
    escape-string-regexp "^1.0.5"
    supports-color "^5.3.0"

clsx@^1.1.1:
  version "1.1.1"
  resolved "https://registry.npm.taobao.org/clsx/download/clsx-1.1.1.tgz#98b3134f9abbdf23b2663491ace13c5c03a73188"
  integrity sha1-mLMTT5q73yOyZjSRrOE8XAOnMYg=

color-convert@^1.9.0:
  version "1.9.3"
  resolved "https://registry.nlark.com/color-convert/download/color-convert-1.9.3.tgz#bb71850690e1f136567de629d2d5471deda4c1e8"
  integrity sha1-u3GFBpDh8TZWfeYp0tVHHe2kweg=
  dependencies:
    color-name "1.1.3"

color-name@1.1.3:
  version "1.1.3"
  resolved "https://registry.npm.taobao.org/color-name/download/color-name-1.1.3.tgz#a7d0558bd89c42f795dd42328f740831ca53bc25"
  integrity sha1-p9BVi9icQveV3UIyj3QIMcpTvCU=

colorette@^1.2.2:
  version "1.2.2"
  resolved "https://registry.nlark.com/colorette/download/colorette-1.2.2.tgz?cache=0&sync_timestamp=1618846981554&other_urls=https%3A%2F%2Fregistry.nlark.com%2Fcolorette%2Fdownload%2Fcolorette-1.2.2.tgz#cbcc79d5e99caea2dbf10eb3a26fd8b3e6acfa94"
  integrity sha1-y8x51emcrqLb8Q6zom/Ys+as+pQ=

convert-source-map@^1.7.0:
  version "1.7.0"
  resolved "https://registry.npm.taobao.org/convert-source-map/download/convert-source-map-1.7.0.tgz#17a2cb882d7f77d3490585e2ce6c524424a3a442"
  integrity sha1-F6LLiC1/d9NJBYXizmxSRCSjpEI=
  dependencies:
    safe-buffer "~5.1.1"

css-jss@10.6.0:
  version "10.6.0"
  resolved "https://registry.npm.taobao.org/css-jss/download/css-jss-10.6.0.tgz#db5de90a4b53ca05d7e1c6bcec0c1ba8f1c1bcea"
  integrity sha1-213pCktTygXX4ca87AwbqPHBvOo=
  dependencies:
    "@babel/runtime" "^7.3.1"
    jss "10.6.0"
    jss-preset-default "10.6.0"

css-vendor@^2.0.8:
  version "2.0.8"
  resolved "https://registry.nlark.com/css-vendor/download/css-vendor-2.0.8.tgz#e47f91d3bd3117d49180a3c935e62e3d9f7f449d"
  integrity sha1-5H+R070xF9SRgKPJNeYuPZ9/RJ0=
  dependencies:
    "@babel/runtime" "^7.8.3"
    is-in-browser "^1.0.2"

csstype@^3.0.2:
  version "3.0.8"
  resolved "https://registry.nlark.com/csstype/download/csstype-3.0.8.tgz#d2266a792729fb227cd216fb572f43728e1ad340"
  integrity sha1-0iZqeScp+yJ80hb7Vy9Dco4a00A=

debug@^4.1.0:
  version "4.3.1"
  resolved "https://registry.npm.taobao.org/debug/download/debug-4.3.1.tgz?cache=0&sync_timestamp=1614330710870&other_urls=https%3A%2F%2Fregistry.npm.taobao.org%2Fdebug%2Fdownload%2Fdebug-4.3.1.tgz#f0d229c505e0c6d8c49ac553d1b13dc183f6b2ee"
  integrity sha1-8NIpxQXgxtjEmsVT0bE9wYP2su4=
  dependencies:
    ms "2.1.2"

dom-helpers@^5.0.1:
  version "5.2.1"
  resolved "https://registry.nlark.com/dom-helpers/download/dom-helpers-5.2.1.tgz#d9400536b2bf8225ad98fe052e029451ac40e902"
  integrity sha1-2UAFNrK/giWtmP4FLgKUUaxA6QI=
  dependencies:
    "@babel/runtime" "^7.8.7"
    csstype "^3.0.2"

electron-to-chromium@^1.3.723:
  version "1.3.728"
  resolved "https://registry.nlark.com/electron-to-chromium/download/electron-to-chromium-1.3.728.tgz?cache=0&other_urls=https%3A%2F%2Fregistry.nlark.com%2Felectron-to-chromium%2Fdownload%2Felectron-to-chromium-1.3.728.tgz#dbedd6373f595ae10a13d146b66bece4c1afa5bd"
  integrity sha1-2+3WNz9ZWuEKE9FGtmvs5MGvpb0=

esbuild@^0.11.20:
  version "0.11.23"
  resolved "https://registry.nlark.com/esbuild/download/esbuild-0.11.23.tgz#c42534f632e165120671d64db67883634333b4b8"
  integrity sha1-xCU09jLhZRIGcdZNtniDY0MztLg=

escalade@^3.1.1:
  version "3.1.1"
  resolved "https://registry.npm.taobao.org/escalade/download/escalade-3.1.1.tgz#d8cfdc7000965c5a0174b4a82eaa5c0552742e40"
  integrity sha1-2M/ccACWXFoBdLSoLqpcBVJ0LkA=

escape-string-regexp@^1.0.5:
  version "1.0.5"
  resolved "https://registry.nlark.com/escape-string-regexp/download/escape-string-regexp-1.0.5.tgz#1b61c0562190a8dff6ae3bb2cf0200ca130b86d4"
  integrity sha1-G2HAViGQqN/2rjuyzwIAyhMLhtQ=

fsevents@~2.3.1:
  version "2.3.2"
  resolved "https://registry.nlark.com/fsevents/download/fsevents-2.3.2.tgz#8a526f78b8fdf4623b709e0b975c52c24c02fd1a"
  integrity sha1-ilJveLj99GI7cJ4Ll1xSwkwC/Ro=

function-bind@^1.1.1:
  version "1.1.1"
  resolved "https://registry.nlark.com/function-bind/download/function-bind-1.1.1.tgz#a56899d3ea3c9bab874bb9773b7c5ede92f4895d"
  integrity sha1-pWiZ0+o8m6uHS7l3O3xe3pL0iV0=

gensync@^1.0.0-beta.2:
  version "1.0.0-beta.2"
  resolved "https://registry.nlark.com/gensync/download/gensync-1.0.0-beta.2.tgz#32a6ee76c3d7f52d46b2b1ae5d93fea8580a25e0"
  integrity sha1-MqbudsPX9S1GsrGuXZP+qFgKJeA=

globals@^11.1.0:
  version "11.12.0"
  resolved "https://registry.npm.taobao.org/globals/download/globals-11.12.0.tgz#ab8795338868a0babd8525758018c2a7eb95c42e"
  integrity sha1-q4eVM4hooLq9hSV1gBjCp+uVxC4=

has-flag@^3.0.0:
  version "3.0.0"
  resolved "https://registry.npm.taobao.org/has-flag/download/has-flag-3.0.0.tgz#b5d454dc2199ae225699f3467e5a07f3b955bafd"
  integrity sha1-tdRU3CGZriJWmfNGfloH87lVuv0=

has@^1.0.3:
  version "1.0.3"
  resolved "https://registry.nlark.com/has/download/has-1.0.3.tgz#722d7cbfc1f6aa8241f16dd814e011e1f41e8796"
  integrity sha1-ci18v8H2qoJB8W3YFOAR4fQeh5Y=
  dependencies:
    function-bind "^1.1.1"

hoist-non-react-statics@^3.2.0, hoist-non-react-statics@^3.3.0:
  version "3.3.2"
  resolved "https://registry.nlark.com/hoist-non-react-statics/download/hoist-non-react-statics-3.3.2.tgz?cache=0&sync_timestamp=1618847090932&other_urls=https%3A%2F%2Fregistry.nlark.com%2Fhoist-non-react-statics%2Fdownload%2Fhoist-non-react-statics-3.3.2.tgz#ece0acaf71d62c2969c2ec59feff42a4b1a85b45"
  integrity sha1-7OCsr3HWLClpwuxZ/v9CpLGoW0U=
  dependencies:
    react-is "^16.7.0"

hyphenate-style-name@^1.0.3:
  version "1.0.4"
  resolved "https://registry.nlark.com/hyphenate-style-name/download/hyphenate-style-name-1.0.4.tgz#691879af8e220aea5750e8827db4ef62a54e361d"
  integrity sha1-aRh5r44iCupXUOiCfbTvYqVONh0=

indefinite-observable@^2.0.1:
  version "2.0.1"
  resolved "https://registry.npm.taobao.org/indefinite-observable/download/indefinite-observable-2.0.1.tgz#574af29bfbc17eb5947793797bddc94c9d859400"
  integrity sha1-V0rym/vBfrWUd5N5e93JTJ2FlAA=
  dependencies:
    symbol-observable "1.2.0"

is-core-module@^2.2.0:
  version "2.4.0"
  resolved "https://registry.nlark.com/is-core-module/download/is-core-module-2.4.0.tgz#8e9fc8e15027b011418026e98f0e6f4d86305cc1"
  integrity sha1-jp/I4VAnsBFBgCbpjw5vTYYwXME=
  dependencies:
    has "^1.0.3"

is-in-browser@^1.0.2, is-in-browser@^1.1.3:
  version "1.1.3"
  resolved "https://registry.npm.taobao.org/is-in-browser/download/is-in-browser-1.1.3.tgz?cache=0&sync_timestamp=1612712343060&other_urls=https%3A%2F%2Fregistry.npm.taobao.org%2Fis-in-browser%2Fdownload%2Fis-in-browser-1.1.3.tgz#56ff4db683a078c6082eb95dad7dc62e1d04f835"
  integrity sha1-Vv9NtoOgeMYILrldrX3GLh0E+DU=

"js-tokens@^3.0.0 || ^4.0.0", js-tokens@^4.0.0:
  version "4.0.0"
  resolved "https://registry.nlark.com/js-tokens/download/js-tokens-4.0.0.tgz#19203fb59991df98e3a287050d4647cdeaf32499"
  integrity sha1-GSA/tZmR35jjoocFDUZHzerzJJk=

jsesc@^2.5.1:
  version "2.5.2"
  resolved "https://registry.nlark.com/jsesc/download/jsesc-2.5.2.tgz#80564d2e483dacf6e8ef209650a67df3f0c283a4"
  integrity sha1-gFZNLkg9rPbo7yCWUKZ98/DCg6Q=

json5@^2.1.2:
  version "2.2.0"
  resolved "https://registry.npm.taobao.org/json5/download/json5-2.2.0.tgz#2dfefe720c6ba525d9ebd909950f0515316c89a3"
  integrity sha1-Lf7+cgxrpSXZ69kJlQ8FFTFsiaM=
  dependencies:
    minimist "^1.2.5"

jss-plugin-camel-case@10.6.0:
  version "10.6.0"
  resolved "https://registry.npm.taobao.org/jss-plugin-camel-case/download/jss-plugin-camel-case-10.6.0.tgz?cache=0&sync_timestamp=1615713806264&other_urls=https%3A%2F%2Fregistry.npm.taobao.org%2Fjss-plugin-camel-case%2Fdownload%2Fjss-plugin-camel-case-10.6.0.tgz#93d2cd704bf0c4af70cc40fb52d74b8a2554b170"
  integrity sha1-k9LNcEvwxK9wzED7UtdLiiVUsXA=
  dependencies:
    "@babel/runtime" "^7.3.1"
    hyphenate-style-name "^1.0.3"
    jss "10.6.0"

jss-plugin-compose@10.6.0:
  version "10.6.0"
  resolved "https://registry.npm.taobao.org/jss-plugin-compose/download/jss-plugin-compose-10.6.0.tgz#0bf058814ea9b47e87cc61f1261aab881daa403b"
  integrity sha1-C/BYgU6ptH6HzGHxJhqriB2qQDs=
  dependencies:
    "@babel/runtime" "^7.3.1"
    jss "10.6.0"
    tiny-warning "^1.0.2"

jss-plugin-default-unit@10.6.0:
  version "10.6.0"
  resolved "https://registry.npm.taobao.org/jss-plugin-default-unit/download/jss-plugin-default-unit-10.6.0.tgz?cache=0&sync_timestamp=1615713807538&other_urls=https%3A%2F%2Fregistry.npm.taobao.org%2Fjss-plugin-default-unit%2Fdownload%2Fjss-plugin-default-unit-10.6.0.tgz#af47972486819b375f0f3a9e0213403a84b5ef3b"
  integrity sha1-r0eXJIaBmzdfDzqeAhNAOoS17zs=
  dependencies:
    "@babel/runtime" "^7.3.1"
    jss "10.6.0"

jss-plugin-expand@10.6.0:
  version "10.6.0"
  resolved "https://registry.npm.taobao.org/jss-plugin-expand/download/jss-plugin-expand-10.6.0.tgz#7eabb6d14f407c38b4d6013588d6641a2e869723"
  integrity sha1-fqu20U9AfDi01gE1iNZkGi6GlyM=
  dependencies:
    "@babel/runtime" "^7.3.1"
    jss "10.6.0"

jss-plugin-extend@10.6.0:
  version "10.6.0"
  resolved "https://registry.npm.taobao.org/jss-plugin-extend/download/jss-plugin-extend-10.6.0.tgz#7611d5d96781b833e5b4aa3eb8599525e790143b"
  integrity sha1-dhHV2WeBuDPltKo+uFmVJeeQFDs=
  dependencies:
    "@babel/runtime" "^7.3.1"
    jss "10.6.0"
    tiny-warning "^1.0.2"

jss-plugin-global@10.6.0:
  version "10.6.0"
  resolved "https://registry.npm.taobao.org/jss-plugin-global/download/jss-plugin-global-10.6.0.tgz#3e8011f760f399cbadcca7f10a485b729c50e3ed"
  integrity sha1-PoAR92DzmcutzKfxCkhbcpxQ4+0=
  dependencies:
    "@babel/runtime" "^7.3.1"
    jss "10.6.0"

jss-plugin-nested@10.6.0:
  version "10.6.0"
  resolved "https://registry.npm.taobao.org/jss-plugin-nested/download/jss-plugin-nested-10.6.0.tgz#5f83c5c337d3b38004834e8426957715a0251641"
  integrity sha1-X4PFwzfTs4AEg06EJpV3FaAlFkE=
  dependencies:
    "@babel/runtime" "^7.3.1"
    jss "10.6.0"
    tiny-warning "^1.0.2"

jss-plugin-props-sort@10.6.0:
  version "10.6.0"
  resolved "https://registry.npm.taobao.org/jss-plugin-props-sort/download/jss-plugin-props-sort-10.6.0.tgz#297879f35f9fe21196448579fee37bcde28ce6bc"
  integrity sha1-KXh581+f4hGWRIV5/uN7zeKM5rw=
  dependencies:
    "@babel/runtime" "^7.3.1"
    jss "10.6.0"

jss-plugin-rule-value-function@10.6.0:
  version "10.6.0"
  resolved "https://registry.nlark.com/jss-plugin-rule-value-function/download/jss-plugin-rule-value-function-10.6.0.tgz#3c1a557236a139d0151e70a82c810ccce1c1c5ea"
  integrity sha1-PBpVcjahOdAVHnCoLIEMzOHBxeo=
  dependencies:
    "@babel/runtime" "^7.3.1"
    jss "10.6.0"
    tiny-warning "^1.0.2"

jss-plugin-rule-value-observable@10.6.0:
  version "10.6.0"
  resolved "https://registry.npm.taobao.org/jss-plugin-rule-value-observable/download/jss-plugin-rule-value-observable-10.6.0.tgz#2b3252cc1507d0154bd9e50f4527ad8073d67b6b"
  integrity sha1-KzJSzBUH0BVL2eUPRSetgHPWe2s=
  dependencies:
    "@babel/runtime" "^7.3.1"
    jss "10.6.0"
    symbol-observable "^1.2.0"

jss-plugin-template@10.6.0:
  version "10.6.0"
  resolved "https://registry.npm.taobao.org/jss-plugin-template/download/jss-plugin-template-10.6.0.tgz#75b1643044f3191b9d447589439053c597854704"
  integrity sha1-dbFkMETzGRudRHWJQ5BTxZeFRwQ=
  dependencies:
    "@babel/runtime" "^7.3.1"
    jss "10.6.0"
    tiny-warning "^1.0.2"

jss-plugin-vendor-prefixer@10.6.0:
  version "10.6.0"
  resolved "https://registry.nlark.com/jss-plugin-vendor-prefixer/download/jss-plugin-vendor-prefixer-10.6.0.tgz#e1fcd499352846890c38085b11dbd7aa1c4f2c78"
  integrity sha1-4fzUmTUoRokMOAhbEdvXqhxPLHg=
  dependencies:
    "@babel/runtime" "^7.3.1"
    css-vendor "^2.0.8"
    jss "10.6.0"

jss-preset-default@10.6.0:
  version "10.6.0"
  resolved "https://registry.nlark.com/jss-preset-default/download/jss-preset-default-10.6.0.tgz#b5471858adede57efd8d139c85dd44601b55dc94"
  integrity sha1-tUcYWK3t5X79jROchd1EYBtV3JQ=
  dependencies:
    "@babel/runtime" "^7.3.1"
    jss "10.6.0"
    jss-plugin-camel-case "10.6.0"
    jss-plugin-compose "10.6.0"
    jss-plugin-default-unit "10.6.0"
    jss-plugin-expand "10.6.0"
    jss-plugin-extend "10.6.0"
    jss-plugin-global "10.6.0"
    jss-plugin-nested "10.6.0"
    jss-plugin-props-sort "10.6.0"
    jss-plugin-rule-value-function "10.6.0"
    jss-plugin-rule-value-observable "10.6.0"
    jss-plugin-template "10.6.0"
    jss-plugin-vendor-prefixer "10.6.0"

jss@10.6.0:
  version "10.6.0"
  resolved "https://registry.npm.taobao.org/jss/download/jss-10.6.0.tgz?cache=0&sync_timestamp=1615713803979&other_urls=https%3A%2F%2Fregistry.npm.taobao.org%2Fjss%2Fdownload%2Fjss-10.6.0.tgz#d92ff9d0f214f65ca1718591b68e107be4774149"
  integrity sha1-2S/50PIU9lyhcYWRto4Qe+R3QUk=
  dependencies:
    "@babel/runtime" "^7.3.1"
    csstype "^3.0.2"
    indefinite-observable "^2.0.1"
    is-in-browser "^1.1.3"
    tiny-warning "^1.0.2"

loose-envify@^1.1.0, loose-envify@^1.4.0:
  version "1.4.0"
  resolved "https://registry.npm.taobao.org/loose-envify/download/loose-envify-1.4.0.tgz#71ee51fa7be4caec1a63839f7e682d8132d30caf"
  integrity sha1-ce5R+nvkyuwaY4OffmgtgTLTDK8=
  dependencies:
    js-tokens "^3.0.0 || ^4.0.0"

minimist@^1.2.5:
  version "1.2.5"
  resolved "https://registry.npm.taobao.org/minimist/download/minimist-1.2.5.tgz#67d66014b66a6a8aaa0c083c5fd58df4e4e97602"
  integrity sha1-Z9ZgFLZqaoqqDAg8X9WN9OTpdgI=

ms@2.1.2:
  version "2.1.2"
  resolved "https://registry.npm.taobao.org/ms/download/ms-2.1.2.tgz?cache=0&sync_timestamp=1607433899126&other_urls=https%3A%2F%2Fregistry.npm.taobao.org%2Fms%2Fdownload%2Fms-2.1.2.tgz#d09d1f357b443f493382a8eb3ccd183872ae6009"
  integrity sha1-0J0fNXtEP0kzgqjrPM0YOHKuYAk=

nanoid@^3.1.23:
  version "3.1.23"
  resolved "https://registry.nlark.com/nanoid/download/nanoid-3.1.23.tgz?cache=0&sync_timestamp=1620673983269&other_urls=https%3A%2F%2Fregistry.nlark.com%2Fnanoid%2Fdownload%2Fnanoid-3.1.23.tgz#f744086ce7c2bc47ee0a8472574d5c78e4183a81"
  integrity sha1-90QIbOfCvEfuCoRyV01ceOQYOoE=

node-releases@^1.1.71:
  version "1.1.72"
  resolved "https://registry.nlark.com/node-releases/download/node-releases-1.1.72.tgz?cache=0&sync_timestamp=1620978644820&other_urls=https%3A%2F%2Fregistry.nlark.com%2Fnode-releases%2Fdownload%2Fnode-releases-1.1.72.tgz#14802ab6b1039a79a0c7d662b610a5bbd76eacbe"
  integrity sha1-FIAqtrEDmnmgx9ZithClu9durL4=

object-assign@^4.1.1:
  version "4.1.1"
  resolved "https://registry.nlark.com/object-assign/download/object-assign-4.1.1.tgz?cache=0&sync_timestamp=1618847240432&other_urls=https%3A%2F%2Fregistry.nlark.com%2Fobject-assign%2Fdownload%2Fobject-assign-4.1.1.tgz#2109adc7965887cfc05cbbd442cac8bfbb360863"
  integrity sha1-IQmtx5ZYh8/AXLvUQsrIv7s2CGM=

path-parse@^1.0.6:
  version "1.0.6"
  resolved "https://registry.npm.taobao.org/path-parse/download/path-parse-1.0.6.tgz#d62dbb5679405d72c4737ec58600e9ddcf06d24c"
  integrity sha1-1i27VnlAXXLEc37FhgDp3c8G0kw=

postcss@^8.2.10:
  version "8.2.15"
  resolved "https://registry.nlark.com/postcss/download/postcss-8.2.15.tgz?cache=0&sync_timestamp=1620676610377&other_urls=https%3A%2F%2Fregistry.nlark.com%2Fpostcss%2Fdownload%2Fpostcss-8.2.15.tgz#9e66ccf07292817d226fc315cbbf9bc148fbca65"
  integrity sha1-nmbM8HKSgX0ib8MVy7+bwUj7ymU=
  dependencies:
    colorette "^1.2.2"
    nanoid "^3.1.23"
    source-map "^0.6.1"

prop-types@^15.5.8, prop-types@^15.6.0, prop-types@^15.6.2:
  version "15.7.2"
  resolved "https://registry.npm.taobao.org/prop-types/download/prop-types-15.7.2.tgz#52c41e75b8c87e72b9d9360e0206b99dcbffa6c5"
  integrity sha1-UsQedbjIfnK52TYOAga5ncv/psU=
  dependencies:
    loose-envify "^1.4.0"
    object-assign "^4.1.1"
    react-is "^16.8.1"

react-display-name@^0.2.4:
  version "0.2.5"
  resolved "https://registry.npm.taobao.org/react-display-name/download/react-display-name-0.2.5.tgz#304c7cbfb59ee40389d436e1a822c17fe27936c6"
  integrity sha1-MEx8v7We5AOJ1DbhqCLBf+J5NsY=

react-dom@^17.0.0:
  version "17.0.2"
  resolved "https://registry.nlark.com/react-dom/download/react-dom-17.0.2.tgz?cache=0&other_urls=https%3A%2F%2Fregistry.nlark.com%2Freact-dom%2Fdownload%2Freact-dom-17.0.2.tgz#ecffb6845e3ad8dbfcdc498f0d0a939736502c23"
  integrity sha1-7P+2hF462Nv83EmPDQqTlzZQLCM=
  dependencies:
    loose-envify "^1.1.0"
    object-assign "^4.1.1"
    scheduler "^0.20.2"

react-is@^16.7.0, react-is@^16.8.1:
  version "16.13.1"
  resolved "https://registry.nlark.com/react-is/download/react-is-16.13.1.tgz#789729a4dc36de2999dc156dd6c1d9c18cea56a4"
  integrity sha1-eJcppNw23imZ3BVt1sHZwYzqVqQ=

react-jss@^10.6.0:
  version "10.6.0"
  resolved "https://registry.npm.taobao.org/react-jss/download/react-jss-10.6.0.tgz?cache=0&sync_timestamp=1615713983146&other_urls=https%3A%2F%2Fregistry.npm.taobao.org%2Freact-jss%2Fdownload%2Freact-jss-10.6.0.tgz#3d1538d085c55f7b0bc3607a61943f588e56f0f6"
  integrity sha1-PRU40IXFX3sLw2B6YZQ/WI5W8PY=
  dependencies:
    "@babel/runtime" "^7.3.1"
    "@emotion/is-prop-valid" "^0.7.3"
    css-jss "10.6.0"
    hoist-non-react-statics "^3.2.0"
    is-in-browser "^1.1.3"
    jss "10.6.0"
    jss-preset-default "10.6.0"
    prop-types "^15.6.0"
    shallow-equal "^1.2.0"
    theming "^3.3.0"
    tiny-warning "^1.0.2"

react-refresh@^0.9.0:
  version "0.9.0"
  resolved "https://registry.nlark.com/react-refresh/download/react-refresh-0.9.0.tgz?cache=0&other_urls=https%3A%2F%2Fregistry.nlark.com%2Freact-refresh%2Fdownload%2Freact-refresh-0.9.0.tgz#71863337adc3e5c2f8a6bfddd12ae3bfe32aafbf"
  integrity sha1-cYYzN63D5cL4pr/d0Srjv+Mqr78=

react-textarea-autosize@^8.3.0:
  version "8.3.2"
  resolved "https://registry.npm.taobao.org/react-textarea-autosize/download/react-textarea-autosize-8.3.2.tgz#4f9374d357b0a6f6469956726722549124a1b2db"
  integrity sha1-T5N001ewpvZGmVZyZyJUkSShsts=
  dependencies:
    "@babel/runtime" "^7.10.2"
    use-composed-ref "^1.0.0"
    use-latest "^1.0.0"

react-transition-group@^4.4.1:
  version "4.4.1"
  resolved "https://registry.npm.taobao.org/react-transition-group/download/react-transition-group-4.4.1.tgz#63868f9325a38ea5ee9535d828327f85773345c9"
  integrity sha1-Y4aPkyWjjqXulTXYKDJ/hXczRck=
  dependencies:
    "@babel/runtime" "^7.5.5"
    dom-helpers "^5.0.1"
    loose-envify "^1.4.0"
    prop-types "^15.6.2"

react@^17.0.0:
  version "17.0.2"
  resolved "https://registry.nlark.com/react/download/react-17.0.2.tgz?cache=0&sync_timestamp=1621010302575&other_urls=https%3A%2F%2Fregistry.nlark.com%2Freact%2Fdownload%2Freact-17.0.2.tgz#d0b5cc516d29eb3eee383f75b62864cfb6800037"
  integrity sha1-0LXMUW0p6z7uOD91tihkz7aAADc=
  dependencies:
    loose-envify "^1.1.0"
    object-assign "^4.1.1"

regenerator-runtime@^0.13.4:
  version "0.13.7"
  resolved "https://registry.nlark.com/regenerator-runtime/download/regenerator-runtime-0.13.7.tgz#cac2dacc8a1ea675feaabaeb8ae833898ae46f55"
  integrity sha1-ysLazIoepnX+qrrriugziYrkb1U=

resolve@^1.19.0:
  version "1.20.0"
  resolved "https://registry.npm.taobao.org/resolve/download/resolve-1.20.0.tgz#629a013fb3f70755d6f0b7935cc1c2c5378b1975"
  integrity sha1-YpoBP7P3B1XW8LeTXMHCxTeLGXU=
  dependencies:
    is-core-module "^2.2.0"
    path-parse "^1.0.6"

rollup@^2.38.5:
  version "2.48.0"
  resolved "https://registry.nlark.com/rollup/download/rollup-2.48.0.tgz?cache=0&sync_timestamp=1621054386005&other_urls=https%3A%2F%2Fregistry.nlark.com%2Frollup%2Fdownload%2Frollup-2.48.0.tgz#fceb01ed771f991f29f7bd2ff7838146e55acb74"
  integrity sha1-/OsB7XcfmR8p970v94OBRuVay3Q=
  optionalDependencies:
    fsevents "~2.3.1"

safe-buffer@~5.1.1:
  version "5.1.2"
  resolved "https://registry.nlark.com/safe-buffer/download/safe-buffer-5.1.2.tgz#991ec69d296e0313747d59bdfd2b745c35f8828d"
  integrity sha1-mR7GnSluAxN0fVm9/St0XDX4go0=

scheduler@^0.20.2:
  version "0.20.2"
  resolved "https://registry.nlark.com/scheduler/download/scheduler-0.20.2.tgz#4baee39436e34aa93b4874bddcbf0fe8b8b50e91"
  integrity sha1-S67jlDbjSqk7SHS93L8P6Li1DpE=
  dependencies:
    loose-envify "^1.1.0"
    object-assign "^4.1.1"

semver@^6.3.0:
  version "6.3.0"
  resolved "https://registry.nlark.com/semver/download/semver-6.3.0.tgz?cache=0&sync_timestamp=1618846864940&other_urls=https%3A%2F%2Fregistry.nlark.com%2Fsemver%2Fdownload%2Fsemver-6.3.0.tgz#ee0a64c8af5e8ceea67687b133761e1becbd1d3d"
  integrity sha1-7gpkyK9ejO6mdoexM3YeG+y9HT0=

shallow-equal@^1.2.0:
  version "1.2.1"
  resolved "https://registry.npm.taobao.org/shallow-equal/download/shallow-equal-1.2.1.tgz#4c16abfa56043aa20d050324efa68940b0da79da"
  integrity sha1-TBar+lYEOqINBQMk76aJQLDaedo=

source-map@^0.5.0:
  version "0.5.7"
  resolved "https://registry.nlark.com/source-map/download/source-map-0.5.7.tgz#8a039d2d1021d22d1ea14c80d8ea468ba2ef3fcc"
  integrity sha1-igOdLRAh0i0eoUyA2OpGi6LvP8w=

source-map@^0.6.1:
  version "0.6.1"
  resolved "https://registry.nlark.com/source-map/download/source-map-0.6.1.tgz#74722af32e9614e9c287a8d0bbde48b5e2f1a263"
  integrity sha1-dHIq8y6WFOnCh6jQu95IteLxomM=

supports-color@^5.3.0:
  version "5.5.0"
  resolved "https://registry.npm.taobao.org/supports-color/download/supports-color-5.5.0.tgz?cache=0&sync_timestamp=1618560959124&other_urls=https%3A%2F%2Fregistry.npm.taobao.org%2Fsupports-color%2Fdownload%2Fsupports-color-5.5.0.tgz#e2e69a44ac8772f78a1ec0b35b689df6530efc8f"
  integrity sha1-4uaaRKyHcveKHsCzW2id9lMO/I8=
  dependencies:
    has-flag "^3.0.0"

symbol-observable@1.2.0, symbol-observable@^1.2.0:
  version "1.2.0"
  resolved "https://registry.npm.taobao.org/symbol-observable/download/symbol-observable-1.2.0.tgz?cache=0&sync_timestamp=1618451954701&other_urls=https%3A%2F%2Fregistry.npm.taobao.org%2Fsymbol-observable%2Fdownload%2Fsymbol-observable-1.2.0.tgz#c22688aed4eab3cdc2dfeacbb561660560a00804"
  integrity sha1-wiaIrtTqs83C3+rLtWFmBWCgCAQ=

theming@^3.3.0:
  version "3.3.0"
  resolved "https://registry.npm.taobao.org/theming/download/theming-3.3.0.tgz?cache=0&sync_timestamp=1597441575928&other_urls=https%3A%2F%2Fregistry.npm.taobao.org%2Ftheming%2Fdownload%2Ftheming-3.3.0.tgz#dacabf04aa689edde35f1e1c117ec6de73fbf870"
  integrity sha1-2sq/BKpont3jXx4cEX7G3nP7+HA=
  dependencies:
    hoist-non-react-statics "^3.3.0"
    prop-types "^15.5.8"
    react-display-name "^0.2.4"
    tiny-warning "^1.0.2"

tiny-warning@^1.0.2:
  version "1.0.3"
  resolved "https://registry.npm.taobao.org/tiny-warning/download/tiny-warning-1.0.3.tgz#94a30db453df4c643d0fd566060d60a875d84754"
  integrity sha1-lKMNtFPfTGQ9D9VmBg1gqHXYR1Q=

to-fast-properties@^2.0.0:
  version "2.0.0"
  resolved "https://registry.npm.taobao.org/to-fast-properties/download/to-fast-properties-2.0.0.tgz#dc5e698cbd079265bc73e0377681a4e4e83f616e"
  integrity sha1-3F5pjL0HkmW8c+A3doGk5Og/YW4=

ts-essentials@^2.0.3:
  version "2.0.12"
  resolved "https://registry.npm.taobao.org/ts-essentials/download/ts-essentials-2.0.12.tgz#c9303f3d74f75fa7528c3d49b80e089ab09d8745"
  integrity sha1-yTA/PXT3X6dSjD1JuA4ImrCdh0U=

typescript@^4.1.2:
  version "4.2.4"
  resolved "https://registry.nlark.com/typescript/download/typescript-4.2.4.tgz#8610b59747de028fda898a8aef0e103f156d0961"
  integrity sha1-hhC1l0feAo/aiYqK7w4QPxVtCWE=

use-composed-ref@^1.0.0:
  version "1.1.0"
  resolved "https://registry.npm.taobao.org/use-composed-ref/download/use-composed-ref-1.1.0.tgz#9220e4e94a97b7b02d7d27eaeab0b37034438bbc"
  integrity sha1-kiDk6UqXt7AtfSfq6rCzcDRDi7w=
  dependencies:
    ts-essentials "^2.0.3"

use-isomorphic-layout-effect@^1.0.0:
  version "1.1.1"
  resolved "https://registry.npm.taobao.org/use-isomorphic-layout-effect/download/use-isomorphic-layout-effect-1.1.1.tgz#7bb6589170cd2987a152042f9084f9effb75c225"
  integrity sha1-e7ZYkXDNKYehUgQvkIT57/t1wiU=

use-latest@^1.0.0:
  version "1.2.0"
  resolved "https://registry.npm.taobao.org/use-latest/download/use-latest-1.2.0.tgz#a44f6572b8288e0972ec411bdd0840ada366f232"
  integrity sha1-pE9lcrgojgly7EEb3QhAraNm8jI=
  dependencies:
    use-isomorphic-layout-effect "^1.0.0"

vite@^2.3.0:
  version "2.3.2"
  resolved "https://registry.nlark.com/vite/download/vite-2.3.2.tgz#cfac76b04d4dee1c7303b55f563b5b62d32f41fe"
  integrity sha1-z6x2sE1N7hxzA7VfVjtbYtMvQf4=
  dependencies:
    esbuild "^0.11.20"
    postcss "^8.2.10"
    resolve "^1.19.0"
    rollup "^2.38.5"
  optionalDependencies:
    fsevents "~2.3.1"
